// !$*UTF8*$!
{
	archiveVersion = 1;
	classes = {
	};
	objectVersion = 48;
	objects = {

/* Begin PBXBuildFile section */
		8C2B8505215841DE00633854 /* MovieDetailsViewController.swift in Sources */ = {isa = PBXBuildFile; fileRef = 8C2B8504215841DE00633854 /* MovieDetailsViewController.swift */; };
		8C37A4F92155CB78008504B7 /* AppDelegate.swift in Sources */ = {isa = PBXBuildFile; fileRef = 8C37A4F82155CB78008504B7 /* AppDelegate.swift */; };
		8C37A4FE2155CB78008504B7 /* Main.storyboard in Resources */ = {isa = PBXBuildFile; fileRef = 8C37A4FC2155CB78008504B7 /* Main.storyboard */; };
		8C37A5002155CB78008504B7 /* Assets.xcassets in Resources */ = {isa = PBXBuildFile; fileRef = 8C37A4FF2155CB78008504B7 /* Assets.xcassets */; };
		8C37A5032155CB78008504B7 /* LaunchScreen.storyboard in Resources */ = {isa = PBXBuildFile; fileRef = 8C37A5012155CB78008504B7 /* LaunchScreen.storyboard */; };
		8C37A50E2155CC4E008504B7 /* UpcomingViewController.swift in Sources */ = {isa = PBXBuildFile; fileRef = 8C37A50D2155CC4E008504B7 /* UpcomingViewController.swift */; };
		8C37A5102155D859008504B7 /* Movie.swift in Sources */ = {isa = PBXBuildFile; fileRef = 8C37A50F2155D859008504B7 /* Movie.swift */; };
		8C37A51421567CD3008504B7 /* TMDBClient.swift in Sources */ = {isa = PBXBuildFile; fileRef = 8C37A51321567CD3008504B7 /* TMDBClient.swift */; };
		8C37A51621567F1D008504B7 /* TMDBConstants.swift in Sources */ = {isa = PBXBuildFile; fileRef = 8C37A51521567F1D008504B7 /* TMDBConstants.swift */; };
		8C37A51921570972008504B7 /* MovieListTableViewCell.swift in Sources */ = {isa = PBXBuildFile; fileRef = 8C37A51821570972008504B7 /* MovieListTableViewCell.swift */; };
		8CC90CFD21589119004EBE7F /* SearchMovieViewController.swift in Sources */ = {isa = PBXBuildFile; fileRef = 8CC90CFC21589119004EBE7F /* SearchMovieViewController.swift */; };
/* End PBXBuildFile section */

/* Begin PBXFileReference section */
		8C2B8504215841DE00633854 /* MovieDetailsViewController.swift */ = {isa = PBXFileReference; lastKnownFileType = sourcecode.swift; path = MovieDetailsViewController.swift; sourceTree = "<group>"; };
		8C37A4F52155CB78008504B7 /* Movies_ArcTouch.app */ = {isa = PBXFileReference; explicitFileType = wrapper.application; includeInIndex = 0; path = Movies_ArcTouch.app; sourceTree = BUILT_PRODUCTS_DIR; };
		8C37A4F82155CB78008504B7 /* AppDelegate.swift */ = {isa = PBXFileReference; lastKnownFileType = sourcecode.swift; path = AppDelegate.swift; sourceTree = "<group>"; };
		8C37A4FD2155CB78008504B7 /* Base */ = {isa = PBXFileReference; lastKnownFileType = file.storyboard; name = Base; path = Base.lproj/Main.storyboard; sourceTree = "<group>"; };
		8C37A4FF2155CB78008504B7 /* Assets.xcassets */ = {isa = PBXFileReference; lastKnownFileType = folder.assetcatalog; path = Assets.xcassets; sourceTree = "<group>"; };
		8C37A5022155CB78008504B7 /* Base */ = {isa = PBXFileReference; lastKnownFileType = file.storyboard; name = Base; path = Base.lproj/LaunchScreen.storyboard; sourceTree = "<group>"; };
		8C37A5042155CB78008504B7 /* Info.plist */ = {isa = PBXFileReference; lastKnownFileType = text.plist.xml; path = Info.plist; sourceTree = "<group>"; };
		8C37A50D2155CC4E008504B7 /* UpcomingViewController.swift */ = {isa = PBXFileReference; lastKnownFileType = sourcecode.swift; path = UpcomingViewController.swift; sourceTree = "<group>"; };
		8C37A50F2155D859008504B7 /* Movie.swift */ = {isa = PBXFileReference; lastKnownFileType = sourcecode.swift; path = Movie.swift; sourceTree = "<group>"; };
		8C37A51321567CD3008504B7 /* TMDBClient.swift */ = {isa = PBXFileReference; lastKnownFileType = sourcecode.swift; path = TMDBClient.swift; sourceTree = "<group>"; };
		8C37A51521567F1D008504B7 /* TMDBConstants.swift */ = {isa = PBXFileReference; lastKnownFileType = sourcecode.swift; path = TMDBConstants.swift; sourceTree = "<group>"; };
		8C37A51821570972008504B7 /* MovieListTableViewCell.swift */ = {isa = PBXFileReference; lastKnownFileType = sourcecode.swift; path = MovieListTableViewCell.swift; sourceTree = "<group>"; };
		8CC90CFC21589119004EBE7F /* SearchMovieViewController.swift */ = {isa = PBXFileReference; lastKnownFileType = sourcecode.swift; path = SearchMovieViewController.swift; sourceTree = "<group>"; };
/* End PBXFileReference section */

/* Begin PBXFrameworksBuildPhase section */
		8C37A4F22155CB78008504B7 /* Frameworks */ = {
			isa = PBXFrameworksBuildPhase;
			buildActionMask = 2147483647;
			files = (
			);
			runOnlyForDeploymentPostprocessing = 0;
		};
/* End PBXFrameworksBuildPhase section */

/* Begin PBXGroup section */
		8C37A4EC2155CB78008504B7 = {
			isa = PBXGroup;
			children = (
				8C37A4F72155CB78008504B7 /* Movies_ArcTouch */,
				8C37A4F62155CB78008504B7 /* Products */,
			);
			sourceTree = "<group>";
		};
		8C37A4F62155CB78008504B7 /* Products */ = {
			isa = PBXGroup;
			children = (
				8C37A4F52155CB78008504B7 /* Movies_ArcTouch.app */,
			);
			name = Products;
			sourceTree = "<group>";
		};
		8C37A4F72155CB78008504B7 /* Movies_ArcTouch */ = {
			isa = PBXGroup;
			children = (
				8C37A50A2155CC1A008504B7 /* Controller */,
				8C37A51721570929008504B7 /* View */,
				8C37A50B2155CC22008504B7 /* Model */,
				8C37A4F82155CB78008504B7 /* AppDelegate.swift */,
				8C37A4FC2155CB78008504B7 /* Main.storyboard */,
				8C37A4FF2155CB78008504B7 /* Assets.xcassets */,
				8C37A5012155CB78008504B7 /* LaunchScreen.storyboard */,
				8C37A5042155CB78008504B7 /* Info.plist */,
			);
			path = Movies_ArcTouch;
			sourceTree = "<group>";
		};
		8C37A50A2155CC1A008504B7 /* Controller */ = {
			isa = PBXGroup;
			children = (
				8C37A50D2155CC4E008504B7 /* UpcomingViewController.swift */,
				8C2B8504215841DE00633854 /* MovieDetailsViewController.swift */,
				8CC90CFC21589119004EBE7F /* SearchMovieViewController.swift */,
			);
			path = Controller;
			sourceTree = "<group>";
		};
		8C37A50B2155CC22008504B7 /* Model */ = {
			isa = PBXGroup;
			children = (
				8C37A51121567C97008504B7 /* TMDBClient */,
				8C37A50F2155D859008504B7 /* Movie.swift */,
			);
			path = Model;
			sourceTree = "<group>";
		};
		8C37A51121567C97008504B7 /* TMDBClient */ = {
			isa = PBXGroup;
			children = (
				8C37A51321567CD3008504B7 /* TMDBClient.swift */,
				8C37A51521567F1D008504B7 /* TMDBConstants.swift */,
			);
			path = TMDBClient;
			sourceTree = "<group>";
		};
		8C37A51721570929008504B7 /* View */ = {
			isa = PBXGroup;
			children = (
				8C37A51821570972008504B7 /* MovieListTableViewCell.swift */,
			);
			path = View;
			sourceTree = "<group>";
		};
/* End PBXGroup section */

/* Begin PBXNativeTarget section */
		8C37A4F42155CB78008504B7 /* Movies_ArcTouch */ = {
			isa = PBXNativeTarget;
			buildConfigurationList = 8C37A5072155CB78008504B7 /* Build configuration list for PBXNativeTarget "Movies_ArcTouch" */;
			buildPhases = (
				8C37A4F12155CB78008504B7 /* Sources */,
				8C37A4F22155CB78008504B7 /* Frameworks */,
				8C37A4F32155CB78008504B7 /* Resources */,
			);
			buildRules = (
			);
			dependencies = (
			);
			name = Movies_ArcTouch;
			productName = Movies_ArcTouch;
			productReference = 8C37A4F52155CB78008504B7 /* Movies_ArcTouch.app */;
			productType = "com.apple.product-type.application";
		};
/* End PBXNativeTarget section */

/* Begin PBXProject section */
		8C37A4ED2155CB78008504B7 /* Project object */ = {
			isa = PBXProject;
			attributes = {
				LastSwiftUpdateCheck = 0920;
				LastUpgradeCheck = 0920;
				ORGANIZATIONNAME = "Silvia Florido";
				TargetAttributes = {
					8C37A4F42155CB78008504B7 = {
						CreatedOnToolsVersion = 9.2;
						ProvisioningStyle = Automatic;
					};
				};
			};
			buildConfigurationList = 8C37A4F02155CB78008504B7 /* Build configuration list for PBXProject "Movies_ArcTouch" */;
			compatibilityVersion = "Xcode 8.0";
			developmentRegion = en;
			hasScannedForEncodings = 0;
			knownRegions = (
				en,
				Base,
			);
			mainGroup = 8C37A4EC2155CB78008504B7;
			productRefGroup = 8C37A4F62155CB78008504B7 /* Products */;
			projectDirPath = "";
			projectRoot = "";
			targets = (
				8C37A4F42155CB78008504B7 /* Movies_ArcTouch */,
			);
		};
/* End PBXProject section */

/* Begin PBXResourcesBuildPhase section */
		8C37A4F32155CB78008504B7 /* Resources */ = {
			isa = PBXResourcesBuildPhase;
			buildActionMask = 2147483647;
			files = (
				8C37A5032155CB78008504B7 /* LaunchScreen.storyboard in Resources */,
				8C37A5002155CB78008504B7 /* Assets.xcassets in Resources */,
				8C37A4FE2155CB78008504B7 /* Main.storyboard in Resources */,
			);
			runOnlyForDeploymentPostprocessing = 0;
		};
/* End PBXResourcesBuildPhase section */

/* Begin PBXSourcesBuildPhase section */
		8C37A4F12155CB78008504B7 /* Sources */ = {
			isa = PBXSourcesBuildPhase;
			buildActionMask = 2147483647;
			files = (
				8C37A50E2155CC4E008504B7 /* UpcomingViewController.swift in Sources */,
				8C37A51421567CD3008504B7 /* TMDBClient.swift in Sources */,
				8C37A4F92155CB78008504B7 /* AppDelegate.swift in Sources */,
				8C2B8505215841DE00633854 /* MovieDetailsViewController.swift in Sources */,
				8C37A51621567F1D008504B7 /* TMDBConstants.swift in Sources */,
				8C37A51921570972008504B7 /* MovieListTableViewCell.swift in Sources */,
				8C37A5102155D859008504B7 /* Movie.swift in Sources */,
				8CC90CFD21589119004EBE7F /* SearchMovieViewController.swift in Sources */,
			);
			runOnlyForDeploymentPostprocessing = 0;
		};
/* End PBXSourcesBuildPhase section */

/* Begin PBXVariantGroup section */
		8C37A4FC2155CB78008504B7 /* Main.storyboard */ = {
			isa = PBXVariantGroup;
			children = (
				8C37A4FD2155CB78008504B7 /* Base */,
			);
			name = Main.storyboard;
			sourceTree = "<group>";
		};
		8C37A5012155CB78008504B7 /* LaunchScreen.storyboard */ = {
			isa = PBXVariantGroup;
			children = (
				8C37A5022155CB78008504B7 /* Base */,
			);
			name = LaunchScreen.storyboard;
			sourceTree = "<group>";
		};
/* End PBXVariantGroup section */

/* Begin XCBuildConfiguration section */
		8C37A5052155CB78008504B7 /* Debug */ = {
			isa = XCBuildConfiguration;
			buildSettings = {
				ALWAYS_SEARCH_USER_PATHS = NO;
				CLANG_ANALYZER_NONNULL = YES;
				CLANG_ANALYZER_NUMBER_OBJECT_CONVERSION = YES_AGGRESSIVE;
				CLANG_CXX_LANGUAGE_STANDARD = "gnu++14";
				CLANG_CXX_LIBRARY = "libc++";
				CLANG_ENABLE_MODULES = YES;
				CLANG_ENABLE_OBJC_ARC = YES;
				CLANG_WARN_BLOCK_CAPTURE_AUTORELEASING = YES;
				CLANG_WARN_BOOL_CONVERSION = YES;
				CLANG_WARN_COMMA = YES;
				CLANG_WARN_CONSTANT_CONVERSION = YES;
				CLANG_WARN_DIRECT_OBJC_ISA_USAGE = YES_ERROR;
				CLANG_WARN_DOCUMENTATION_COMMENTS = YES;
				CLANG_WARN_EMPTY_BODY = YES;
				CLANG_WARN_ENUM_CONVERSION = YES;
				CLANG_WARN_INFINITE_RECURSION = YES;
				CLANG_WARN_INT_CONVERSION = YES;
				CLANG_WARN_NON_LITERAL_NULL_CONVERSION = YES;
				CLANG_WARN_OBJC_LITERAL_CONVERSION = YES;
				CLANG_WARN_OBJC_ROOT_CLASS = YES_ERROR;
				CLANG_WARN_RANGE_LOOP_ANALYSIS = YES;
				CLANG_WARN_STRICT_PROTOTYPES = YES;
				CLANG_WARN_SUSPICIOUS_MOVE = YES;
				CLANG_WARN_UNGUARDED_AVAILABILITY = YES_AGGRESSIVE;
				CLANG_WARN_UNREACHABLE_CODE = YES;
				CLANG_WARN__DUPLICATE_METHOD_MATCH = YES;
				CODE_SIGN_IDENTITY = "iPhone Developer";
				COPY_PHASE_STRIP = NO;
				DEBUG_INFORMATION_FORMAT = dwarf;
				ENABLE_STRICT_OBJC_MSGSEND = YES;
				ENABLE_TESTABILITY = YES;
				GCC_C_LANGUAGE_STANDARD = gnu11;
				GCC_DYNAMIC_NO_PIC = NO;
				GCC_NO_COMMON_BLOCKS = YES;
				GCC_OPTIMIZATION_LEVEL = 0;
				GCC_PREPROCESSOR_DEFINITIONS = (
					"DEBUG=1",
					"$(inherited)",
				);
				GCC_WARN_64_TO_32_BIT_CONVERSION = YES;
				GCC_WARN_ABOUT_RETURN_TYPE = YES_ERROR;
				GCC_WARN_UNDECLARED_SELECTOR = YES;
				GCC_WARN_UNINITIALIZED_AUTOS = YES_AGGRESSIVE;
				GCC_WARN_UNUSED_FUNCTION = YES;
				GCC_WARN_UNUSED_VARIABLE = YES;
				IPHONEOS_DEPLOYMENT_TARGET = 11.2;
				MTL_ENABLE_DEBUG_INFO = YES;
				ONLY_ACTIVE_ARCH = YES;
				SDKROOT = iphoneos;
				SWIFT_ACTIVE_COMPILATION_CONDITIONS = DEBUG;
				SWIFT_OPTIMIZATION_LEVEL = "-Onone";
			};
			name = Debug;
		};
		8C37A5062155CB78008504B7 /* Release */ = {
			isa = XCBuildConfiguration;
			buildSettings = {
				ALWAYS_SEARCH_USER_PATHS = NO;
				CLANG_ANALYZER_NONNULL = YES;
				CLANG_ANALYZER_NUMBER_OBJECT_CONVERSION = YES_AGGRESSIVE;
				CLANG_CXX_LANGUAGE_STANDARD = "gnu++14";
				CLANG_CXX_LIBRARY = "libc++";
				CLANG_ENABLE_MODULES = YES;
				CLANG_ENABLE_OBJC_ARC = YES;
				CLANG_WARN_BLOCK_CAPTURE_AUTORELEASING = YES;
				CLANG_WARN_BOOL_CONVERSION = YES;
				CLANG_WARN_COMMA = YES;
				CLANG_WARN_CONSTANT_CONVERSION = YES;
				CLANG_WARN_DIRECT_OBJC_ISA_USAGE = YES_ERROR;
				CLANG_WARN_DOCUMENTATION_COMMENTS = YES;
				CLANG_WARN_EMPTY_BODY = YES;
				CLANG_WARN_ENUM_CONVERSION = YES;
				CLANG_WARN_INFINITE_RECURSION = YES;
				CLANG_WARN_INT_CONVERSION = YES;
				CLANG_WARN_NON_LITERAL_NULL_CONVERSION = YES;
				CLANG_WARN_OBJC_LITERAL_CONVERSION = YES;
				CLANG_WARN_OBJC_ROOT_CLASS = YES_ERROR;
				CLANG_WARN_RANGE_LOOP_ANALYSIS = YES;
				CLANG_WARN_STRICT_PROTOTYPES = YES;
				CLANG_WARN_SUSPICIOUS_MOVE = YES;
				CLANG_WARN_UNGUARDED_AVAILABILITY = YES_AGGRESSIVE;
				CLANG_WARN_UNREACHABLE_CODE = YES;
				CLANG_WARN__DUPLICATE_METHOD_MATCH = YES;
				CODE_SIGN_IDENTITY = "iPhone Developer";
				COPY_PHASE_STRIP = NO;
				DEBUG_INFORMATION_FORMAT = "dwarf-with-dsym";
				ENABLE_NS_ASSERTIONS = NO;
				ENABLE_STRICT_OBJC_MSGSEND = YES;
				GCC_C_LANGUAGE_STANDARD = gnu11;
				GCC_NO_COMMON_BLOCKS = YES;
				GCC_WARN_64_TO_32_BIT_CONVERSION = YES;
				GCC_WARN_ABOUT_RETURN_TYPE = YES_ERROR;
				GCC_WARN_UNDECLARED_SELECTOR = YES;
				GCC_WARN_UNINITIALIZED_AUTOS = YES_AGGRESSIVE;
				GCC_WARN_UNUSED_FUNCTION = YES;
				GCC_WARN_UNUSED_VARIABLE = YES;
				IPHONEOS_DEPLOYMENT_TARGET = 11.2;
				MTL_ENABLE_DEBUG_INFO = NO;
				SDKROOT = iphoneos;
				SWIFT_OPTIMIZATION_LEVEL = "-Owholemodule";
				VALIDATE_PRODUCT = YES;
			};
			name = Release;
		};
		8C37A5082155CB78008504B7 /* Debug */ = {
			isa = XCBuildConfiguration;
			buildSettings = {
				ASSETCATALOG_COMPILER_APPICON_NAME = AppIcon;
				CODE_SIGN_STYLE = Automatic;
				DEVELOPMENT_TEAM = J8KTVZYBHF;
				INFOPLIST_FILE = Movies_ArcTouch/Info.plist;
				LD_RUNPATH_SEARCH_PATHS = "$(inherited) @executable_path/Frameworks";
				PRODUCT_BUNDLE_IDENTIFIER = "com.sflorido.Movies-ArcTouch";
				PRODUCT_NAME = "$(TARGET_NAME)";
				SWIFT_VERSION = 4.0;
				TARGETED_DEVICE_FAMILY = 1;
			};
			name = Debug;
		};
		8C37A5092155CB78008504B7 /* Release */ = {
			isa = XCBuildConfiguration;
			buildSettings = {
				ASSETCATALOG_COMPILER_APPICON_NAME = AppIcon;
				CODE_SIGN_STYLE = Automatic;
				DEVELOPMENT_TEAM = J8KTVZYBHF;
				INFOPLIST_FILE = Movies_ArcTouch/Info.plist;
				LD_RUNPATH_SEARCH_PATHS = "$(inherited) @executable_path/Frameworks";
				PRODUCT_BUNDLE_IDENTIFIER = "com.sflorido.Movies-ArcTouch";
				PRODUCT_NAME = "$(TARGET_NAME)";
				SWIFT_VERSION = 4.0;
				TARGETED_DEVICE_FAMILY = 1;
			};
			name = Release;
		};
/* End XCBuildConfiguration section */

/* Begin XCConfigurationList section */
		8C37A4F02155CB78008504B7 /* Build configuration list for PBXProject "Movies_ArcTouch" */ = {
			isa = XCConfigurationList;
			buildConfigurations = (
				8C37A5052155CB78008504B7 /* Debug */,
				8C37A5062155CB78008504B7 /* Release */,
			);
			defaultConfigurationIsVisible = 0;
			defaultConfigurationName = Release;
		};
		8C37A5072155CB78008504B7 /* Build configuration list for PBXNativeTarget "Movies_ArcTouch" */ = {
			isa = XCConfigurationList;
			buildConfigurations = (
				8C37A5082155CB78008504B7 /* Debug */,
				8C37A5092155CB78008504B7 /* Release */,
			);
			defaultConfigurationIsVisible = 0;
			defaultConfigurationName = Release;
		};
/* End XCConfigurationList section */
	};
	rootObject = 8C37A4ED2155CB78008504B7 /* Project object */;
}
